
Microsoft Visual Studio Solution File, Format Version 12.00
# Visual Studio 15
VisualStudioVersion = 15.0.28307.960
MinimumVisualStudioVersion = 10.0.40219.1
Project("{FAE04EC0-301F-11D3-BF4B-00C04F79EFBC}") = "QuantConnect.Bloomberg", "QuantConnect.Bloomberg\QuantConnect.Bloomberg.csproj", "{DC246E85-5C45-4D61-849C-5A59509CF743}"
EndProject
Project("{FAE04EC0-301F-11D3-BF4B-00C04F79EFBC}") = "QuantConnect", "..\Lean\Common\QuantConnect.csproj", "{2545C0B4-FABB-49C9-8DD1-9AD7EE23F86B}"
EndProject
Project("{FAE04EC0-301F-11D3-BF4B-00C04F79EFBC}") = "QuantConnect.Configuration", "..\Lean\Configuration\QuantConnect.Configuration.csproj", "{0AEB4EA3-28C8-476E-89FD-926F06590B4C}"
EndProject
Project("{FAE04EC0-301F-11D3-BF4B-00C04F79EFBC}") = "QuantConnect.Logging", "..\Lean\Logging\QuantConnect.Logging.csproj", "{01911409-86BE-4E7D-9947-DF714138610D}"
EndProject
Project("{FAE04EC0-301F-11D3-BF4B-00C04F79EFBC}") = "QuantConnect.Lean.Engine", "..\Lean\Engine\QuantConnect.Lean.Engine.csproj", "{12156F46-D07E-4E3D-AD2B-7409E82AB62F}"
EndProject
Project("{FAE04EC0-301F-11D3-BF4B-00C04F79EFBC}") = "QuantConnect.BloombergTests", "QuantConnect.BloombergTests\QuantConnect.BloombergTests.csproj", "{47D0A367-5DF5-4BB2-AC53-CB870F8720FA}"
EndProject
Global
	GlobalSection(SolutionConfigurationPlatforms) = preSolution
		Debug|Any CPU = Debug|Any CPU
		Debug|x64 = Debug|x64
		Debug|x86 = Debug|x86
		Mono|Any CPU = Mono|Any CPU
		Mono|x64 = Mono|x64
		Mono|x86 = Mono|x86
		Release|Any CPU = Release|Any CPU
		Release|x64 = Release|x64
		Release|x86 = Release|x86
	EndGlobalSection
	GlobalSection(ProjectConfigurationPlatforms) = postSolution
		{DC246E85-5C45-4D61-849C-5A59509CF743}.Debug|Any CPU.ActiveCfg = Debug|Any CPU
		{DC246E85-5C45-4D61-849C-5A59509CF743}.Debug|Any CPU.Build.0 = Debug|Any CPU
		{DC246E85-5C45-4D61-849C-5A59509CF743}.Debug|x64.ActiveCfg = Debug|Any CPU
		{DC246E85-5C45-4D61-849C-5A59509CF743}.Debug|x64.Build.0 = Debug|Any CPU
		{DC246E85-5C45-4D61-849C-5A59509CF743}.Debug|x86.ActiveCfg = Debug|Any CPU
		{DC246E85-5C45-4D61-849C-5A59509CF743}.Debug|x86.Build.0 = Debug|Any CPU
		{DC246E85-5C45-4D61-849C-5A59509CF743}.Mono|Any CPU.ActiveCfg = Release|Any CPU
		{DC246E85-5C45-4D61-849C-5A59509CF743}.Mono|Any CPU.Build.0 = Release|Any CPU
		{DC246E85-5C45-4D61-849C-5A59509CF743}.Mono|x64.ActiveCfg = Release|Any CPU
		{DC246E85-5C45-4D61-849C-5A59509CF743}.Mono|x64.Build.0 = Release|Any CPU
		{DC246E85-5C45-4D61-849C-5A59509CF743}.Mono|x86.ActiveCfg = Release|Any CPU
		{DC246E85-5C45-4D61-849C-5A59509CF743}.Mono|x86.Build.0 = Release|Any CPU
		{DC246E85-5C45-4D61-849C-5A59509CF743}.Release|Any CPU.ActiveCfg = Release|Any CPU
		{DC246E85-5C45-4D61-849C-5A59509CF743}.Release|Any CPU.Build.0 = Release|Any CPU
		{DC246E85-5C45-4D61-849C-5A59509CF743}.Release|x64.ActiveCfg = Release|Any CPU
		{DC246E85-5C45-4D61-849C-5A59509CF743}.Release|x64.Build.0 = Release|Any CPU
		{DC246E85-5C45-4D61-849C-5A59509CF743}.Release|x86.ActiveCfg = Release|Any CPU
		{DC246E85-5C45-4D61-849C-5A59509CF743}.Release|x86.Build.0 = Release|Any CPU
		{2545C0B4-FABB-49C9-8DD1-9AD7EE23F86B}.Debug|Any CPU.ActiveCfg = Debug|Any CPU
		{2545C0B4-FABB-49C9-8DD1-9AD7EE23F86B}.Debug|Any CPU.Build.0 = Debug|Any CPU
		{2545C0B4-FABB-49C9-8DD1-9AD7EE23F86B}.Debug|x64.ActiveCfg = Debug|x64
		{2545C0B4-FABB-49C9-8DD1-9AD7EE23F86B}.Debug|x64.Build.0 = Debug|x64
		{2545C0B4-FABB-49C9-8DD1-9AD7EE23F86B}.Debug|x86.ActiveCfg = Debug|Any CPU
		{2545C0B4-FABB-49C9-8DD1-9AD7EE23F86B}.Debug|x86.Build.0 = Debug|Any CPU
		{2545C0B4-FABB-49C9-8DD1-9AD7EE23F86B}.Mono|Any CPU.ActiveCfg = Mono|Any CPU
		{2545C0B4-FABB-49C9-8DD1-9AD7EE23F86B}.Mono|Any CPU.Build.0 = Mono|Any CPU
		{2545C0B4-FABB-49C9-8DD1-9AD7EE23F86B}.Mono|x64.ActiveCfg = Mono|x64
		{2545C0B4-FABB-49C9-8DD1-9AD7EE23F86B}.Mono|x64.Build.0 = Mono|x64
		{2545C0B4-FABB-49C9-8DD1-9AD7EE23F86B}.Mono|x86.ActiveCfg = Mono|Any CPU
		{2545C0B4-FABB-49C9-8DD1-9AD7EE23F86B}.Mono|x86.Build.0 = Mono|Any CPU
		{2545C0B4-FABB-49C9-8DD1-9AD7EE23F86B}.Release|Any CPU.ActiveCfg = Release|Any CPU
		{2545C0B4-FABB-49C9-8DD1-9AD7EE23F86B}.Release|Any CPU.Build.0 = Release|Any CPU
		{2545C0B4-FABB-49C9-8DD1-9AD7EE23F86B}.Release|x64.ActiveCfg = Release|x64
		{2545C0B4-FABB-49C9-8DD1-9AD7EE23F86B}.Release|x64.Build.0 = Release|x64
		{2545C0B4-FABB-49C9-8DD1-9AD7EE23F86B}.Release|x86.ActiveCfg = Release|Any CPU
		{2545C0B4-FABB-49C9-8DD1-9AD7EE23F86B}.Release|x86.Build.0 = Release|Any CPU
		{0AEB4EA3-28C8-476E-89FD-926F06590B4C}.Debug|Any CPU.ActiveCfg = Debug|Any CPU
		{0AEB4EA3-28C8-476E-89FD-926F06590B4C}.Debug|Any CPU.Build.0 = Debug|Any CPU
		{0AEB4EA3-28C8-476E-89FD-926F06590B4C}.Debug|x64.ActiveCfg = Debug|Any CPU
		{0AEB4EA3-28C8-476E-89FD-926F06590B4C}.Debug|x64.Build.0 = Debug|Any CPU
		{0AEB4EA3-28C8-476E-89FD-926F06590B4C}.Debug|x86.ActiveCfg = Debug|Any CPU
		{0AEB4EA3-28C8-476E-89FD-926F06590B4C}.Debug|x86.Build.0 = Debug|Any CPU
		{0AEB4EA3-28C8-476E-89FD-926F06590B4C}.Mono|Any CPU.ActiveCfg = Release|Any CPU
		{0AEB4EA3-28C8-476E-89FD-926F06590B4C}.Mono|Any CPU.Build.0 = Release|Any CPU
		{0AEB4EA3-28C8-476E-89FD-926F06590B4C}.Mono|x64.ActiveCfg = Release|Any CPU
		{0AEB4EA3-28C8-476E-89FD-926F06590B4C}.Mono|x64.Build.0 = Release|Any CPU
		{0AEB4EA3-28C8-476E-89FD-926F06590B4C}.Mono|x86.ActiveCfg = Release|Any CPU
		{0AEB4EA3-28C8-476E-89FD-926F06590B4C}.Mono|x86.Build.0 = Release|Any CPU
		{0AEB4EA3-28C8-476E-89FD-926F06590B4C}.Release|Any CPU.ActiveCfg = Release|Any CPU
		{0AEB4EA3-28C8-476E-89FD-926F06590B4C}.Release|Any CPU.Build.0 = Release|Any CPU
		{0AEB4EA3-28C8-476E-89FD-926F06590B4C}.Release|x64.ActiveCfg = Release|Any CPU
		{0AEB4EA3-28C8-476E-89FD-926F06590B4C}.Release|x64.Build.0 = Release|Any CPU
		{0AEB4EA3-28C8-476E-89FD-926F06590B4C}.Release|x86.ActiveCfg = Release|Any CPU
		{0AEB4EA3-28C8-476E-89FD-926F06590B4C}.Release|x86.Build.0 = Release|Any CPU
		{01911409-86BE-4E7D-9947-DF714138610D}.Debug|Any CPU.ActiveCfg = Debug|Any CPU
		{01911409-86BE-4E7D-9947-DF714138610D}.Debug|Any CPU.Build.0 = Debug|Any CPU
		{01911409-86BE-4E7D-9947-DF714138610D}.Debug|x64.ActiveCfg = Debug|x64
		{01911409-86BE-4E7D-9947-DF714138610D}.Debug|x64.Build.0 = Debug|x64
		{01911409-86BE-4E7D-9947-DF714138610D}.Debug|x86.ActiveCfg = Debug|Any CPU
		{01911409-86BE-4E7D-9947-DF714138610D}.Debug|x86.Build.0 = Debug|Any CPU
		{01911409-86BE-4E7D-9947-DF714138610D}.Mono|Any CPU.ActiveCfg = Release|Any CPU
		{01911409-86BE-4E7D-9947-DF714138610D}.Mono|Any CPU.Build.0 = Release|Any CPU
		{01911409-86BE-4E7D-9947-DF714138610D}.Mono|x64.ActiveCfg = Release|x64
		{01911409-86BE-4E7D-9947-DF714138610D}.Mono|x64.Build.0 = Release|x64
		{01911409-86BE-4E7D-9947-DF714138610D}.Mono|x86.ActiveCfg = Release|Any CPU
		{01911409-86BE-4E7D-9947-DF714138610D}.Mono|x86.Build.0 = Release|Any CPU
		{01911409-86BE-4E7D-9947-DF714138610D}.Release|Any CPU.ActiveCfg = Release|Any CPU
		{01911409-86BE-4E7D-9947-DF714138610D}.Release|Any CPU.Build.0 = Release|Any CPU
		{01911409-86BE-4E7D-9947-DF714138610D}.Release|x64.ActiveCfg = Release|x64
		{01911409-86BE-4E7D-9947-DF714138610D}.Release|x64.Build.0 = Release|x64
		{01911409-86BE-4E7D-9947-DF714138610D}.Release|x86.ActiveCfg = Release|Any CPU
		{01911409-86BE-4E7D-9947-DF714138610D}.Release|x86.Build.0 = Release|Any CPU
		{12156F46-D07E-4E3D-AD2B-7409E82AB62F}.Debug|Any CPU.ActiveCfg = Debug|Any CPU
		{12156F46-D07E-4E3D-AD2B-7409E82AB62F}.Debug|Any CPU.Build.0 = Debug|Any CPU
		{12156F46-D07E-4E3D-AD2B-7409E82AB62F}.Debug|x64.ActiveCfg = Debug|x64
		{12156F46-D07E-4E3D-AD2B-7409E82AB62F}.Debug|x64.Build.0 = Debug|x64
		{12156F46-D07E-4E3D-AD2B-7409E82AB62F}.Debug|x86.ActiveCfg = Debug|x86
		{12156F46-D07E-4E3D-AD2B-7409E82AB62F}.Debug|x86.Build.0 = Debug|x86
		{12156F46-D07E-4E3D-AD2B-7409E82AB62F}.Mono|Any CPU.ActiveCfg = Release|Any CPU
		{12156F46-D07E-4E3D-AD2B-7409E82AB62F}.Mono|Any CPU.Build.0 = Release|Any CPU
		{12156F46-D07E-4E3D-AD2B-7409E82AB62F}.Mono|x64.ActiveCfg = Release|x64
		{12156F46-D07E-4E3D-AD2B-7409E82AB62F}.Mono|x64.Build.0 = Release|x64
		{12156F46-D07E-4E3D-AD2B-7409E82AB62F}.Mono|x86.ActiveCfg = Release|x86
		{12156F46-D07E-4E3D-AD2B-7409E82AB62F}.Mono|x86.Build.0 = Release|x86
		{12156F46-D07E-4E3D-AD2B-7409E82AB62F}.Release|Any CPU.ActiveCfg = Release|Any CPU
		{12156F46-D07E-4E3D-AD2B-7409E82AB62F}.Release|Any CPU.Build.0 = Release|Any CPU
		{12156F46-D07E-4E3D-AD2B-7409E82AB62F}.Release|x64.ActiveCfg = Release|x64
		{12156F46-D07E-4E3D-AD2B-7409E82AB62F}.Release|x64.Build.0 = Release|x64
		{12156F46-D07E-4E3D-AD2B-7409E82AB62F}.Release|x86.ActiveCfg = Release|x86
		{12156F46-D07E-4E3D-AD2B-7409E82AB62F}.Release|x86.Build.0 = Release|x86
		{47D0A367-5DF5-4BB2-AC53-CB870F8720FA}.Debug|Any CPU.ActiveCfg = Debug|Any CPU
		{47D0A367-5DF5-4BB2-AC53-CB870F8720FA}.Debug|Any CPU.Build.0 = Debug|Any CPU
		{47D0A367-5DF5-4BB2-AC53-CB870F8720FA}.Debug|x64.ActiveCfg = Debug|Any CPU
		{47D0A367-5DF5-4BB2-AC53-CB870F8720FA}.Debug|x64.Build.0 = Debug|Any CPU
		{47D0A367-5DF5-4BB2-AC53-CB870F8720FA}.Debug|x86.ActiveCfg = Debug|Any CPU
		{47D0A367-5DF5-4BB2-AC53-CB870F8720FA}.Debug|x86.Build.0 = Debug|Any CPU
		{47D0A367-5DF5-4BB2-AC53-CB870F8720FA}.Mono|Any CPU.ActiveCfg = Release|Any CPU
		{47D0A367-5DF5-4BB2-AC53-CB870F8720FA}.Mono|Any CPU.Build.0 = Release|Any CPU
		{47D0A367-5DF5-4BB2-AC53-CB870F8720FA}.Mono|x64.ActiveCfg = Release|Any CPU
		{47D0A367-5DF5-4BB2-AC53-CB870F8720FA}.Mono|x64.Build.0 = Release|Any CPU
		{47D0A367-5DF5-4BB2-AC53-CB870F8720FA}.Mono|x86.ActiveCfg = Release|Any CPU
		{47D0A367-5DF5-4BB2-AC53-CB870F8720FA}.Mono|x86.Build.0 = Release|Any CPU
		{47D0A367-5DF5-4BB2-AC53-CB870F8720FA}.Release|Any CPU.ActiveCfg = Release|Any CPU
		{47D0A367-5DF5-4BB2-AC53-CB870F8720FA}.Release|Any CPU.Build.0 = Release|Any CPU
		{47D0A367-5DF5-4BB2-AC53-CB870F8720FA}.Release|x64.ActiveCfg = Release|Any CPU
		{47D0A367-5DF5-4BB2-AC53-CB870F8720FA}.Release|x64.Build.0 = Release|Any CPU
		{47D0A367-5DF5-4BB2-AC53-CB870F8720FA}.Release|x86.ActiveCfg = Release|Any CPU
		{47D0A367-5DF5-4BB2-AC53-CB870F8720FA}.Release|x86.Build.0 = Release|Any CPU
	EndGlobalSection
	GlobalSection(SolutionProperties) = preSolution
		HideSolutionNode = FALSE
	EndGlobalSection
	GlobalSection(ExtensibilityGlobals) = postSolution
		SolutionGuid = {BD93EF97-354F-4569-AF0E-DA94792DB07D}
	EndGlobalSection
EndGlobal
